{
  "lockVersion": 1,
  "migrations": [
    {
      "localDir": "20260124223146_initial",
      "originId": "platform:0001_initial",
      "sha256": "755688a7d01e70c97f497efdbd5a72adecf9404ba20fc5fc15c748c2bb7d0d2e",
      "since": "1.0.0"
    },
    {
      "localDir": "20260329151231_add_personal_access_tokens",
      "originId": "platform:0002_add_personal_access_tokens",
      "sha256": "696a7bc4a974a2b0142f7183fe795d98b21a353f402ad21b3d5a5e79c06800cd",
      "since": "1.0.0"
    },
    {
      "localDir": "20260830211041_add_credentials",
      "originId": "platform:0003_add_credentials",
      "sha256": "825d08352a40f595a16e3086862c7d0eeb0333c8643119a618666627e87bcb32",
      "since": "1.0.0"
    },
    {
      "localDir": "20260831010356_add_notification_deliveries",
      "originId": "platform:0004_add_notification_deliveries",
      "sha256": "242c3fc6a3a8c68c3515b0a5f19c819e48dd0b8ee3719007a24ffcbf2d8eacdc",
      "since": "1.0.0"
    },
    {
      "localDir": "20260831014110_drop_stale_uuid_defaults",
      "originId": "platform:0005_drop_stale_uuid_defaults",
      "sha256": "34e3ee9325646bd77d3123090826798c7c7fc7b57938ee7cee6584a03d24d6ad",
      "since": "1.0.0"
    },
    {
      "localDir": "20260831030721_add_notifications",
      "originId": "platform:0006_add_notifications",
      "sha256": "56a8156d13b09f0bdfdaa6033c5cf3f0adbd0191a53680eeb2376e13a637c383",
      "since": "1.0.0"
    },
    {
      "localDir": "20260905182958_add_push_subscriptions",
      "originId": "platform:0007_add_push_subscriptions",
      "sha256": "7bfd542911735beae1152c3584e4ae8e131e37413d6d59054a29e9d4ab967e85",
      "since": "1.0.0"
    },
    {
      "localDir": "20260906120000_add_jobs",
      "originId": "platform:0008_add_jobs",
      "sha256": "29ca499509b06bc8ee11c09ed86d8d5b2385bcc9aa48fe597c0efc1ccb40febf",
      "since": "1.0.0"
    },
    {
      "localDir": "20260906190000_add_worker_nodes",
      "originId": "platform:0009_add_worker_nodes",
      "sha256": "d26c1412c6e293f562422bbe292e9e833f1506cb1dc3466f78eacd7bc34ea398",
      "since": "1.0.0"
    },
    {
      "localDir": "20260907120000_add_database_backup_runs",
      "originId": "platform:0010_add_database_backup_runs",
      "sha256": "e6a2c130a155748768148a1993b7e47cabca09236a4eeb31f8793448b389077a",
      "since": "1.0.0"
    },
    {
      "localDir": "20260907130000_add_notification_broadcasts",
      "originId": "platform:0011_add_notification_broadcasts",
      "sha256": "d218ee33f855f575c6633cf0d9a709cb3e0db69a83ff2d38b48c501e730d4370",
      "since": "1.0.0"
    },
    {
      "localDir": "20260907140000_add_backup_run_job_link",
      "originId": "platform:0012_add_backup_run_job_link",
      "sha256": "1a11a1bed116e303136bd1f7ee5065f3b470cb2cb04bb33d0c083b3dfec37144",
      "since": "1.0.0"
    },
    {
      "localDir": "20260907150000_add_job_node_secrets",
      "originId": "platform:0013_add_job_node_secrets",
      "sha256": "309f4a371c0d5ed62b140a10acb28a705fc92c8a1412551fc07ac20b9cb77f0a",
      "since": "1.0.0"
    },
    {
      "localDir": "20260907160000_add_backup_run_pg_dump_version",
      "originId": "platform:0014_add_backup_run_pg_dump_version",
      "sha256": "966c2e2af657739d7e4e447761bf93635c7e8bd41dbc31494f7118ffb4e8a67c",
      "since": "1.0.0"
    },
    {
      "localDir": "20260908120000_add_job_claim_token",
      "originId": "platform:0015_add_job_claim_token",
      "sha256": "22815ddb2bd4fe39edb4ec6bb11709a15df887c46c261d8d567a3a2cae7f2047",
      "since": "1.0.0"
    },
    {
      "localDir": "20260926034919_add_ai_platform",
      "originId": "platform:0016_add_ai_platform",
      "sha256": "89bf4f29db08eb4261b10c5bd64faa61b65d73f524af70851e019fe264fe7617",
      "since": "1.0.0"
    },
    {
      "localDir": "20260927000000_revoke_viewer_ai_use",
      "originId": "platform:0017_revoke_viewer_ai_use",
      "sha256": "85b27bc2d52666f8a3babc5d0abfa9f589f1844869d79fbbdaa7935e6d49b3df",
      "since": "1.0.0"
    },
    {
      "localDir": "20260927120000_add_user_credentials",
      "originId": "platform:0018_add_user_credentials",
      "sha256": "360316e38bf4af727fc095c65e4cac246108b9e91fc3c184646161ce7a5859fb",
      "since": "1.0.0"
    },
    {
      "localDir": "20260927130000_add_device_session_credential_link",
      "originId": "platform:0019_add_device_session_credential_link",
      "sha256": "e2f26e504872850a0fe799151efdf1df4f153e51db3d686f5ad7e603b1796326",
      "since": "1.0.0"
    },
    {
      "localDir": "20260928100000_add_worker_node_vitals",
      "originId": "platform:0020_add_worker_node_vitals",
      "sha256": "978649d6700635017d22d08a492845307659b8a2f6fdb46e230a887d966a2fe4",
      "since": "1.0.0"
    },
    {
      "localDir": "20260930120000_add_job_trace_context",
      "originId": "platform:0021_add_job_trace_context",
      "sha256": "4d54077792406901812bb76d697e6708c9058245ec1003c49bc8983b53b01302",
      "since": "1.0.0"
    },
    {
      "localDir": "20261006120000_add_retention_created_at_indexes",
      "originId": "platform:0022_add_retention_created_at_indexes",
      "sha256": "f7bc4ab3ec81c55261752c61e48e750faf7affb7202635f8e051934a9410c32f",
      "since": "1.0.0"
    }
  ],
  "platformVersion": "1.0.0"
}
